// !$*UTF8*$!
{
	archiveVersion = 1;
	classes = {
	};
	objectVersion = 46;
	objects = {

/* Begin PBXBuildFile section */
		96B9BF6B196746540069D216 /* Foundation.framework in Frameworks */ = {isa = PBXBuildFile; fileRef = 96B9BF6A196746540069D216 /* Foundation.framework */; };
		96B9BF6D196746540069D216 /* CoreGraphics.framework in Frameworks */ = {isa = PBXBuildFile; fileRef = 96B9BF6C196746540069D216 /* CoreGraphics.framework */; };
		96B9BF6F196746540069D216 /* UIKit.framework in Frameworks */ = {isa = PBXBuildFile; fileRef = 96B9BF6E196746540069D216 /* UIKit.framework */; };
		96B9BF75196746540069D216 /* InfoPlist.strings in Resources */ = {isa = PBXBuildFile; fileRef = 96B9BF73196746540069D216 /* InfoPlist.strings */; };
		96B9BF77196746540069D216 /* main.m in Sources */ = {isa = PBXBuildFile; fileRef = 96B9BF76196746540069D216 /* main.m */; };
		96B9BF7B196746540069D216 /* AppDelegate.m in Sources */ = {isa = PBXBuildFile; fileRef = 96B9BF7A196746540069D216 /* AppDelegate.m */; };
		96B9BF7D196746540069D216 /* Images.xcassets in Resources */ = {isa = PBXBuildFile; fileRef = 96B9BF7C196746540069D216 /* Images.xcassets */; };
		96B9BF84196746540069D216 /* XCTest.framework in Frameworks */ = {isa = PBXBuildFile; fileRef = 96B9BF83196746540069D216 /* XCTest.framework */; };
		96B9BF85196746540069D216 /* Foundation.framework in Frameworks */ = {isa = PBXBuildFile; fileRef = 96B9BF6A196746540069D216 /* Foundation.framework */; };
		96B9BF86196746540069D216 /* UIKit.framework in Frameworks */ = {isa = PBXBuildFile; fileRef = 96B9BF6E196746540069D216 /* UIKit.framework */; };
		96B9BF8E196746550069D216 /* InfoPlist.strings in Resources */ = {isa = PBXBuildFile; fileRef = 96B9BF8C196746550069D216 /* InfoPlist.strings */; };
		96B9BF90196746550069D216 /* TumblrHWTests.m in Sources */ = {isa = PBXBuildFile; fileRef = 96B9BF8F196746550069D216 /* TumblrHWTests.m */; };
		96B9BF9C196746640069D216 /* TabBarViewController.m in Sources */ = {isa = PBXBuildFile; fileRef = 96B9BF9A196746640069D216 /* TabBarViewController.m */; };
		96B9BF9D196746640069D216 /* TabBarViewController.xib in Resources */ = {isa = PBXBuildFile; fileRef = 96B9BF9B196746640069D216 /* TabBarViewController.xib */; };
		96B9BFA11967489D0069D216 /* HomeViewController.m in Sources */ = {isa = PBXBuildFile; fileRef = 96B9BF9F1967489D0069D216 /* HomeViewController.m */; };
		96B9BFA21967489D0069D216 /* HomeViewController.xib in Resources */ = {isa = PBXBuildFile; fileRef = 96B9BFA01967489D0069D216 /* HomeViewController.xib */; };
		96B9BFA6196748AC0069D216 /* SearchViewController.m in Sources */ = {isa = PBXBuildFile; fileRef = 96B9BFA4196748AC0069D216 /* SearchViewController.m */; };
		96B9BFA7196748AC0069D216 /* SearchViewController.xib in Resources */ = {isa = PBXBuildFile; fileRef = 96B9BFA5196748AC0069D216 /* SearchViewController.xib */; };
		96B9BFAB196748B50069D216 /* AccountViewController.m in Sources */ = {isa = PBXBuildFile; fileRef = 96B9BFA9196748B50069D216 /* AccountViewController.m */; };
		96B9BFAC196748B50069D216 /* AccountViewController.xib in Resources */ = {isa = PBXBuildFile; fileRef = 96B9BFAA196748B50069D216 /* AccountViewController.xib */; };
		96B9BFB0196748C20069D216 /* TrendingViewController.m in Sources */ = {isa = PBXBuildFile; fileRef = 96B9BFAE196748C20069D216 /* TrendingViewController.m */; };
		96B9BFB1196748C20069D216 /* TrendingViewController.xib in Resources */ = {isa = PBXBuildFile; fileRef = 96B9BFAF196748C20069D216 /* TrendingViewController.xib */; };
/* End PBXBuildFile section */

/* Begin PBXContainerItemProxy section */
		96B9BF87196746540069D216 /* PBXContainerItemProxy */ = {
			isa = PBXContainerItemProxy;
			containerPortal = 96B9BF5F196746540069D216 /* Project object */;
			proxyType = 1;
			remoteGlobalIDString = 96B9BF66196746540069D216;
			remoteInfo = TumblrHW;
		};
/* End PBXContainerItemProxy section */

/* Begin PBXFileReference section */
		96B9BF67196746540069D216 /* TumblrHW.app */ = {isa = PBXFileReference; explicitFileType = wrapper.application; includeInIndex = 0; path = TumblrHW.app; sourceTree = BUILT_PRODUCTS_DIR; };
		96B9BF6A196746540069D216 /* Foundation.framework */ = {isa = PBXFileReference; lastKnownFileType = wrapper.framework; name = Foundation.framework; path = System/Library/Frameworks/Foundation.framework; sourceTree = SDKROOT; };
		96B9BF6C196746540069D216 /* CoreGraphics.framework */ = {isa = PBXFileReference; lastKnownFileType = wrapper.framework; name = CoreGraphics.framework; path = System/Library/Frameworks/CoreGraphics.framework; sourceTree = SDKROOT; };
		96B9BF6E196746540069D216 /* UIKit.framework */ = {isa = PBXFileReference; lastKnownFileType = wrapper.framework; name = UIKit.framework; path = System/Library/Frameworks/UIKit.framework; sourceTree = SDKROOT; };
		96B9BF72196746540069D216 /* TumblrHW-Info.plist */ = {isa = PBXFileReference; lastKnownFileType = text.plist.xml; path = "TumblrHW-Info.plist"; sourceTree = "<group>"; };
		96B9BF74196746540069D216 /* en */ = {isa = PBXFileReference; lastKnownFileType = text.plist.strings; name = en; path = en.lproj/InfoPlist.strings; sourceTree = "<group>"; };
		96B9BF76196746540069D216 /* main.m */ = {isa = PBXFileReference; lastKnownFileType = sourcecode.c.objc; path = main.m; sourceTree = "<group>"; };
		96B9BF78196746540069D216 /* TumblrHW-Prefix.pch */ = {isa = PBXFileReference; lastKnownFileType = sourcecode.c.h; path = "TumblrHW-Prefix.pch"; sourceTree = "<group>"; };
		96B9BF79196746540069D216 /* AppDelegate.h */ = {isa = PBXFileReference; lastKnownFileType = sourcecode.c.h; path = AppDelegate.h; sourceTree = "<group>"; };
		96B9BF7A196746540069D216 /* AppDelegate.m */ = {isa = PBXFileReference; lastKnownFileType = sourcecode.c.objc; path = AppDelegate.m; sourceTree = "<group>"; };
		96B9BF7C196746540069D216 /* Images.xcassets */ = {isa = PBXFileReference; lastKnownFileType = folder.assetcatalog; path = Images.xcassets; sourceTree = "<group>"; };
		96B9BF82196746540069D216 /* TumblrHWTests.xctest */ = {isa = PBXFileReference; explicitFileType = wrapper.cfbundle; includeInIndex = 0; path = TumblrHWTests.xctest; sourceTree = BUILT_PRODUCTS_DIR; };
		96B9BF83196746540069D216 /* XCTest.framework */ = {isa = PBXFileReference; lastKnownFileType = wrapper.framework; name = XCTest.framework; path = Library/Frameworks/XCTest.framework; sourceTree = DEVELOPER_DIR; };
		96B9BF8B196746540069D216 /* TumblrHWTests-Info.plist */ = {isa = PBXFileReference; lastKnownFileType = text.plist.xml; path = "TumblrHWTests-Info.plist"; sourceTree = "<group>"; };
		96B9BF8D196746550069D216 /* en */ = {isa = PBXFileReference; lastKnownFileType = text.plist.strings; name = en; path = en.lproj/InfoPlist.strings; sourceTree = "<group>"; };
		96B9BF8F196746550069D216 /* TumblrHWTests.m */ = {isa = PBXFileReference; lastKnownFileType = sourcecode.c.objc; path = TumblrHWTests.m; sourceTree = "<group>"; };
		96B9BF99196746640069D216 /* TabBarViewController.h */ = {isa = PBXFileReference; fileEncoding = 4; lastKnownFileType = sourcecode.c.h; path = TabBarViewController.h; sourceTree = "<group>"; };
		96B9BF9A196746640069D216 /* TabBarViewController.m */ = {isa = PBXFileReference; fileEncoding = 4; lastKnownFileType = sourcecode.c.objc; path = TabBarViewController.m; sourceTree = "<group>"; };
		96B9BF9B196746640069D216 /* TabBarViewController.xib */ = {isa = PBXFileReference; fileEncoding = 4; lastKnownFileType = file.xib; path = TabBarViewController.xib; sourceTree = "<group>"; };
		96B9BF9E1967489D0069D216 /* HomeViewController.h */ = {isa = PBXFileReference; fileEncoding = 4; lastKnownFileType = sourcecode.c.h; path = HomeViewController.h; sourceTree = "<group>"; };
		96B9BF9F1967489D0069D216 /* HomeViewController.m */ = {isa = PBXFileReference; fileEncoding = 4; lastKnownFileType = sourcecode.c.objc; path = HomeViewController.m; sourceTree = "<group>"; };
		96B9BFA01967489D0069D216 /* HomeViewController.xib */ = {isa = PBXFileReference; fileEncoding = 4; lastKnownFileType = file.xib; path = HomeViewController.xib; sourceTree = "<group>"; };
		96B9BFA3196748AC0069D216 /* SearchViewController.h */ = {isa = PBXFileReference; fileEncoding = 4; lastKnownFileType = sourcecode.c.h; path = SearchViewController.h; sourceTree = "<group>"; };
		96B9BFA4196748AC0069D216 /* SearchViewController.m */ = {isa = PBXFileReference; fileEncoding = 4; lastKnownFileType = sourcecode.c.objc; path = SearchViewController.m; sourceTree = "<group>"; };
		96B9BFA5196748AC0069D216 /* SearchViewController.xib */ = {isa = PBXFileReference; fileEncoding = 4; lastKnownFileType = file.xib; path = SearchViewController.xib; sourceTree = "<group>"; };
		96B9BFA8196748B50069D216 /* AccountViewController.h */ = {isa = PBXFileReference; fileEncoding = 4; lastKnownFileType = sourcecode.c.h; path = AccountViewController.h; sourceTree = "<group>"; };
		96B9BFA9196748B50069D216 /* AccountViewController.m */ = {isa = PBXFileReference; fileEncoding = 4; lastKnownFileType = sourcecode.c.objc; path = AccountViewController.m; sourceTree = "<group>"; };
		96B9BFAA196748B50069D216 /* AccountViewController.xib */ = {isa = PBXFileReference; fileEncoding = 4; lastKnownFileType = file.xib; path = AccountViewController.xib; sourceTree = "<group>"; };
		96B9BFAD196748C20069D216 /* TrendingViewController.h */ = {isa = PBXFileReference; fileEncoding = 4; lastKnownFileType = sourcecode.c.h; path = TrendingViewController.h; sourceTree = "<group>"; };
		96B9BFAE196748C20069D216 /* TrendingViewController.m */ = {isa = PBXFileReference; fileEncoding = 4; lastKnownFileType = sourcecode.c.objc; path = TrendingViewController.m; sourceTree = "<group>"; };
		96B9BFAF196748C20069D216 /* TrendingViewController.xib */ = {isa = PBXFileReference; fileEncoding = 4; lastKnownFileType = file.xib; path = TrendingViewController.xib; sourceTree = "<group>"; };
/* End PBXFileReference section */

/* Begin PBXFrameworksBuildPhase section */
		96B9BF64196746540069D216 /* Frameworks */ = {
			isa = PBXFrameworksBuildPhase;
			buildActionMask = 2147483647;
			files = (
				96B9BF6D196746540069D216 /* CoreGraphics.framework in Frameworks */,
				96B9BF6F196746540069D216 /* UIKit.framework in Frameworks */,
				96B9BF6B196746540069D216 /* Foundation.framework in Frameworks */,
			);
			runOnlyForDeploymentPostprocessing = 0;
		};
		96B9BF7F196746540069D216 /* Frameworks */ = {
			isa = PBXFrameworksBuildPhase;
			buildActionMask = 2147483647;
			files = (
				96B9BF84196746540069D216 /* XCTest.framework in Frameworks */,
				96B9BF86196746540069D216 /* UIKit.framework in Frameworks */,
				96B9BF85196746540069D216 /* Foundation.framework in Frameworks */,
			);
			runOnlyForDeploymentPostprocessing = 0;
		};
/* End PBXFrameworksBuildPhase section */

/* Begin PBXGroup section */
		96B9BF5E196746540069D216 = {
			isa = PBXGroup;
			children = (
				96B9BF99196746640069D216 /* TabBarViewController.h */,
				96B9BF9A196746640069D216 /* TabBarViewController.m */,
				96B9BF9B196746640069D216 /* TabBarViewController.xib */,
				96B9BF9E1967489D0069D216 /* HomeViewController.h */,
				96B9BF9F1967489D0069D216 /* HomeViewController.m */,
				96B9BFA01967489D0069D216 /* HomeViewController.xib */,
				96B9BFA3196748AC0069D216 /* SearchViewController.h */,
				96B9BFA4196748AC0069D216 /* SearchViewController.m */,
				96B9BFA5196748AC0069D216 /* SearchViewController.xib */,
				96B9BFA8196748B50069D216 /* AccountViewController.h */,
				96B9BFA9196748B50069D216 /* AccountViewController.m */,
				96B9BFAA196748B50069D216 /* AccountViewController.xib */,
				96B9BFAD196748C20069D216 /* TrendingViewController.h */,
				96B9BFAE196748C20069D216 /* TrendingViewController.m */,
				96B9BFAF196748C20069D216 /* TrendingViewController.xib */,
				96B9BF70196746540069D216 /* TumblrHW */,
				96B9BF89196746540069D216 /* TumblrHWTests */,
				96B9BF69196746540069D216 /* Frameworks */,
				96B9BF68196746540069D216 /* Products */,
			);
			sourceTree = "<group>";
		};
		96B9BF68196746540069D216 /* Products */ = {
			isa = PBXGroup;
			children = (
				96B9BF67196746540069D216 /* TumblrHW.app */,
				96B9BF82196746540069D216 /* TumblrHWTests.xctest */,
			);
			name = Products;
			sourceTree = "<group>";
		};
		96B9BF69196746540069D216 /* Frameworks */ = {
			isa = PBXGroup;
			children = (
				96B9BF6A196746540069D216 /* Foundation.framework */,
				96B9BF6C196746540069D216 /* CoreGraphics.framework */,
				96B9BF6E196746540069D216 /* UIKit.framework */,
				96B9BF83196746540069D216 /* XCTest.framework */,
			);
			name = Frameworks;
			sourceTree = "<group>";
		};
		96B9BF70196746540069D216 /* TumblrHW */ = {
			isa = PBXGroup;
			children = (
				96B9BF79196746540069D216 /* AppDelegate.h */,
				96B9BF7A196746540069D216 /* AppDelegate.m */,
				96B9BF7C196746540069D216 /* Images.xcassets */,
				96B9BF71196746540069D216 /* Supporting Files */,
			);
			path = TumblrHW;
			sourceTree = "<group>";
		};
		96B9BF71196746540069D216 /* Supporting Files */ = {
			isa = PBXGroup;
			children = (
				96B9BF72196746540069D216 /* TumblrHW-Info.plist */,
				96B9BF73196746540069D216 /* InfoPlist.strings */,
				96B9BF76196746540069D216 /* main.m */,
				96B9BF78196746540069D216 /* TumblrHW-Prefix.pch */,
			);
			name = "Supporting Files";
			sourceTree = "<group>";
		};
		96B9BF89196746540069D216 /* TumblrHWTests */ = {
			isa = PBXGroup;
			children = (
				96B9BF8F196746550069D216 /* TumblrHWTests.m */,
				96B9BF8A196746540069D216 /* Supporting Files */,
			);
			path = TumblrHWTests;
			sourceTree = "<group>";
		};
		96B9BF8A196746540069D216 /* Supporting Files */ = {
			isa = PBXGroup;
			children = (
				96B9BF8B196746540069D216 /* TumblrHWTests-Info.plist */,
				96B9BF8C196746550069D216 /* InfoPlist.strings */,
			);
			name = "Supporting Files";
			sourceTree = "<group>";
		};
/* End PBXGroup section */

/* Begin PBXNativeTarget section */
		96B9BF66196746540069D216 /* TumblrHW */ = {
			isa = PBXNativeTarget;
			buildConfigurationList = 96B9BF93196746550069D216 /* Build configuration list for PBXNativeTarget "TumblrHW" */;
			buildPhases = (
				96B9BF63196746540069D216 /* Sources */,
				96B9BF64196746540069D216 /* Frameworks */,
				96B9BF65196746540069D216 /* Resources */,
			);
			buildRules = (
			);
			dependencies = (
			);
			name = TumblrHW;
			productName = TumblrHW;
			productReference = 96B9BF67196746540069D216 /* TumblrHW.app */;
			productType = "com.apple.product-type.application";
		};
		96B9BF81196746540069D216 /* TumblrHWTests */ = {
			isa = PBXNativeTarget;
			buildConfigurationList = 96B9BF96196746550069D216 /* Build configuration list for PBXNativeTarget "TumblrHWTests" */;
			buildPhases = (
				96B9BF7E196746540069D216 /* Sources */,
				96B9BF7F196746540069D216 /* Frameworks */,
				96B9BF80196746540069D216 /* Resources */,
			);
			buildRules = (
			);
			dependencies = (
				96B9BF88196746540069D216 /* PBXTargetDependency */,
			);
			name = TumblrHWTests;
			productName = TumblrHWTests;
			productReference = 96B9BF82196746540069D216 /* TumblrHWTests.xctest */;
			productType = "com.apple.product-type.bundle.unit-test";
		};
/* End PBXNativeTarget section */

/* Begin PBXProject section */
		96B9BF5F196746540069D216 /* Project object */ = {
			isa = PBXProject;
			attributes = {
				LastUpgradeCheck = 0510;
				ORGANIZATIONNAME = "___FULLUSERNAME___";
				TargetAttributes = {
					96B9BF81196746540069D216 = {
						TestTargetID = 96B9BF66196746540069D216;
					};
				};
			};
			buildConfigurationList = 96B9BF62196746540069D216 /* Build configuration list for PBXProject "TumblrHW" */;
			compatibilityVersion = "Xcode 3.2";
			developmentRegion = English;
			hasScannedForEncodings = 0;
			knownRegions = (
				en,
			);
			mainGroup = 96B9BF5E196746540069D216;
			productRefGroup = 96B9BF68196746540069D216 /* Products */;
			projectDirPath = "";
			projectRoot = "";
			targets = (
				96B9BF66196746540069D216 /* TumblrHW */,
				96B9BF81196746540069D216 /* TumblrHWTests */,
			);
		};
/* End PBXProject section */

/* Begin PBXResourcesBuildPhase section */
		96B9BF65196746540069D216 /* Resources */ = {
			isa = PBXResourcesBuildPhase;
			buildActionMask = 2147483647;
			files = (
				96B9BF75196746540069D216 /* InfoPlist.strings in Resources */,
				96B9BF9D196746640069D216 /* TabBarViewController.xib in Resources */,
				96B9BF7D196746540069D216 /* Images.xcassets in Resources */,
				96B9BFA7196748AC0069D216 /* SearchViewController.xib in Resources */,
				96B9BFB1196748C20069D216 /* TrendingViewController.xib in Resources */,
				96B9BFAC196748B50069D216 /* AccountViewController.xib in Resources */,
				96B9BFA21967489D0069D216 /* HomeViewController.xib in Resources */,
			);
			runOnlyForDeploymentPostprocessing = 0;
		};
		96B9BF80196746540069D216 /* Resources */ = {
			isa = PBXResourcesBuildPhase;
			buildActionMask = 2147483647;
			files = (
				96B9BF8E196746550069D216 /* InfoPlist.strings in Resources */,
			);
			runOnlyForDeploymentPostprocessing = 0;
		};
/* End PBXResourcesBuildPhase section */

/* Begin PBXSourcesBuildPhase section */
		96B9BF63196746540069D216 /* Sources */ = {
			isa = PBXSourcesBuildPhase;
			buildActionMask = 2147483647;
			files = (
				96B9BFB0196748C20069D216 /* TrendingViewController.m in Sources */,
				96B9BF7B196746540069D216 /* AppDelegate.m in Sources */,
				96B9BF9C196746640069D216 /* TabBarViewController.m in Sources */,
				96B9BFA6196748AC0069D216 /* SearchViewController.m in Sources */,
				96B9BF77196746540069D216 /* main.m in Sources */,
				96B9BFAB196748B50069D216 /* AccountViewController.m in Sources */,
				96B9BFA11967489D0069D216 /* HomeViewController.m in Sources */,
			);
			runOnlyForDeploymentPostprocessing = 0;
		};
		96B9BF7E196746540069D216 /* Sources */ = {
			isa = PBXSourcesBuildPhase;
			buildActionMask = 2147483647;
			files = (
				96B9BF90196746550069D216 /* TumblrHWTests.m in Sources */,
			);
			runOnlyForDeploymentPostprocessing = 0;
		};
/* End PBXSourcesBuildPhase section */

/* Begin PBXTargetDependency section */
		96B9BF88196746540069D216 /* PBXTargetDependency */ = {
			isa = PBXTargetDependency;
			target = 96B9BF66196746540069D216 /* TumblrHW */;
			targetProxy = 96B9BF87196746540069D216 /* PBXContainerItemProxy */;
		};
/* End PBXTargetDependency section */

/* Begin PBXVariantGroup section */
		96B9BF73196746540069D216 /* InfoPlist.strings */ = {
			isa = PBXVariantGroup;
			children = (
				96B9BF74196746540069D216 /* en */,
			);
			name = InfoPlist.strings;
			sourceTree = "<group>";
		};
		96B9BF8C196746550069D216 /* InfoPlist.strings */ = {
			isa = PBXVariantGroup;
			children = (
				96B9BF8D196746550069D216 /* en */,
			);
			name = InfoPlist.strings;
			sourceTree = "<group>";
		};
/* End PBXVariantGroup section */

/* Begin XCBuildConfiguration section */
		96B9BF91196746550069D216 /* Debug */ = {
			isa = XCBuildConfiguration;
			buildSettings = {
				ALWAYS_SEARCH_USER_PATHS = NO;
				CLANG_CXX_LANGUAGE_STANDARD = "gnu++0x";
				CLANG_CXX_LIBRARY = "libc++";
				CLANG_ENABLE_MODULES = YES;
				CLANG_ENABLE_OBJC_ARC = YES;
				CLANG_WARN_BOOL_CONVERSION = YES;
				CLANG_WARN_CONSTANT_CONVERSION = YES;
				CLANG_WARN_DIRECT_OBJC_ISA_USAGE = YES_ERROR;
				CLANG_WARN_EMPTY_BODY = YES;
				CLANG_WARN_ENUM_CONVERSION = YES;
				CLANG_WARN_INT_CONVERSION = YES;
				CLANG_WARN_OBJC_ROOT_CLASS = YES_ERROR;
				CLANG_WARN__DUPLICATE_METHOD_MATCH = YES;
				"CODE_SIGN_IDENTITY[sdk=iphoneos*]" = "iPhone Developer";
				COPY_PHASE_STRIP = NO;
				GCC_C_LANGUAGE_STANDARD = gnu99;
				GCC_DYNAMIC_NO_PIC = NO;
				GCC_OPTIMIZATION_LEVEL = 0;
				GCC_PREPROCESSOR_DEFINITIONS = (
					"DEBUG=1",
					"$(inherited)",
				);
				GCC_SYMBOLS_PRIVATE_EXTERN = NO;
				GCC_WARN_64_TO_32_BIT_CONVERSION = YES;
				GCC_WARN_ABOUT_RETURN_TYPE = YES_ERROR;
				GCC_WARN_UNDECLARED_SELECTOR = YES;
				GCC_WARN_UNINITIALIZED_AUTOS = YES_AGGRESSIVE;
				GCC_WARN_UNUSED_FUNCTION = YES;
				GCC_WARN_UNUSED_VARIABLE = YES;
				IPHONEOS_DEPLOYMENT_TARGET = 7.1;
				ONLY_ACTIVE_ARCH = YES;
				SDKROOT = iphoneos;
			};
			name = Debug;
		};
		96B9BF92196746550069D216 /* Release */ = {
			isa = XCBuildConfiguration;
			buildSettings = {
				ALWAYS_SEARCH_USER_PATHS = NO;
				CLANG_CXX_LANGUAGE_STANDARD = "gnu++0x";
				CLANG_CXX_LIBRARY = "libc++";
				CLANG_ENABLE_MODULES = YES;
				CLANG_ENABLE_OBJC_ARC = YES;
				CLANG_WARN_BOOL_CONVERSION = YES;
				CLANG_WARN_CONSTANT_CONVERSION = YES;
				CLANG_WARN_DIRECT_OBJC_ISA_USAGE = YES_ERROR;
				CLANG_WARN_EMPTY_BODY = YES;
				CLANG_WARN_ENUM_CONVERSION = YES;
				CLANG_WARN_INT_CONVERSION = YES;
				CLANG_WARN_OBJC_ROOT_CLASS = YES_ERROR;
				CLANG_WARN__DUPLICATE_METHOD_MATCH = YES;
				"CODE_SIGN_IDENTITY[sdk=iphoneos*]" = "iPhone Developer";
				COPY_PHASE_STRIP = YES;
				ENABLE_NS_ASSERTIONS = NO;
				GCC_C_LANGUAGE_STANDARD = gnu99;
				GCC_WARN_64_TO_32_BIT_CONVERSION = YES;
				GCC_WARN_ABOUT_RETURN_TYPE = YES_ERROR;
				GCC_WARN_UNDECLARED_SELECTOR = YES;
				GCC_WARN_UNINITIALIZED_AUTOS = YES_AGGRESSIVE;
				GCC_WARN_UNUSED_FUNCTION = YES;
				GCC_WARN_UNUSED_VARIABLE = YES;
				IPHONEOS_DEPLOYMENT_TARGET = 7.1;
				SDKROOT = iphoneos;
				VALIDATE_PRODUCT = YES;
			};
			name = Release;
		};
		96B9BF94196746550069D216 /* Debug */ = {
			isa = XCBuildConfiguration;
			buildSettings = {
				ASSETCATALOG_COMPILER_APPICON_NAME = AppIcon;
				ASSETCATALOG_COMPILER_LAUNCHIMAGE_NAME = LaunchImage;
				GCC_PRECOMPILE_PREFIX_HEADER = YES;
				GCC_PREFIX_HEADER = "TumblrHW/TumblrHW-Prefix.pch";
				INFOPLIST_FILE = "TumblrHW/TumblrHW-Info.plist";
				PRODUCT_NAME = "$(TARGET_NAME)";
				WRAPPER_EXTENSION = app;
			};
			name = Debug;
		};
		96B9BF95196746550069D216 /* Release */ = {
			isa = XCBuildConfiguration;
			buildSettings = {
				ASSETCATALOG_COMPILER_APPICON_NAME = AppIcon;
				ASSETCATALOG_COMPILER_LAUNCHIMAGE_NAME = LaunchImage;
				GCC_PRECOMPILE_PREFIX_HEADER = YES;
				GCC_PREFIX_HEADER = "TumblrHW/TumblrHW-Prefix.pch";
				INFOPLIST_FILE = "TumblrHW/TumblrHW-Info.plist";
				PRODUCT_NAME = "$(TARGET_NAME)";
				WRAPPER_EXTENSION = app;
			};
			name = Release;
		};
		96B9BF97196746550069D216 /* Debug */ = {
			isa = XCBuildConfiguration;
			buildSettings = {
				BUNDLE_LOADER = "$(BUILT_PRODUCTS_DIR)/TumblrHW.app/TumblrHW";
				FRAMEWORK_SEARCH_PATHS = (
					"$(SDKROOT)/Developer/Library/Frameworks",
					"$(inherited)",
					"$(DEVELOPER_FRAMEWORKS_DIR)",
				);
				GCC_PRECOMPILE_PREFIX_HEADER = YES;
				GCC_PREFIX_HEADER = "TumblrHW/TumblrHW-Prefix.pch";
				GCC_PREPROCESSOR_DEFINITIONS = (
					"DEBUG=1",
					"$(inherited)",
				);
				INFOPLIST_FILE = "TumblrHWTests/TumblrHWTests-Info.plist";
				PRODUCT_NAME = "$(TARGET_NAME)";
				TEST_HOST = "$(BUNDLE_LOADER)";
				WRAPPER_EXTENSION = xctest;
			};
			name = Debug;
		};
		96B9BF98196746550069D216 /* Release */ = {
			isa = XCBuildConfiguration;
			buildSettings = {
				BUNDLE_LOADER = "$(BUILT_PRODUCTS_DIR)/TumblrHW.app/TumblrHW";
				FRAMEWORK_SEARCH_PATHS = (
					"$(SDKROOT)/Developer/Library/Frameworks",
					"$(inherited)",
					"$(DEVELOPER_FRAMEWORKS_DIR)",
				);
				GCC_PRECOMPILE_PREFIX_HEADER = YES;
				GCC_PREFIX_HEADER = "TumblrHW/TumblrHW-Prefix.pch";
				INFOPLIST_FILE = "TumblrHWTests/TumblrHWTests-Info.plist";
				PRODUCT_NAME = "$(TARGET_NAME)";
				TEST_HOST = "$(BUNDLE_LOADER)";
				WRAPPER_EXTENSION = xctest;
			};
			name = Release;
		};
/* End XCBuildConfiguration section */

/* Begin XCConfigurationList section */
		96B9BF62196746540069D216 /* Build configuration list for PBXProject "TumblrHW" */ = {
			isa = XCConfigurationList;
			buildConfigurations = (
				96B9BF91196746550069D216 /* Debug */,
				96B9BF92196746550069D216 /* Release */,
			);
			defaultConfigurationIsVisible = 0;
			defaultConfigurationName = Release;
		};
		96B9BF93196746550069D216 /* Build configuration list for PBXNativeTarget "TumblrHW" */ = {
			isa = XCConfigurationList;
			buildConfigurations = (
				96B9BF94196746550069D216 /* Debug */,
				96B9BF95196746550069D216 /* Release */,
			);
			defaultConfigurationIsVisible = 0;
		};
		96B9BF96196746550069D216 /* Build configuration list for PBXNativeTarget "TumblrHWTests" */ = {
			isa = XCConfigurationList;
			buildConfigurations = (
				96B9BF97196746550069D216 /* Debug */,
				96B9BF98196746550069D216 /* Release */,
			);
			defaultConfigurationIsVisible = 0;
		};
/* End XCConfigurationList section */
	};
	rootObject = 96B9BF5F196746540069D216 /* Project object */;
}
